{
  "name": "login-service",
  "version": "1.0.0",
  "lockfileVersion": 1,
  "requires": true,
  "dependencies": {
    "@types/dashify": {
      "version": "1.0.0",
      "resolved": "https://registry.npmjs.org/@types/dashify/-/dashify-1.0.0.tgz",
      "integrity": "sha512-uyYom3SM48jvowobcby+1z3r/sDX+5N8lAdPoNLKYMhF819pNjV6K5g8lAUGrwj80n+P7Qf10GcA9h7aIO2GJw==",
      "dev": true
    },
    "dashify": {
      "version": "2.0.0",
      "resolved": "https://registry.npmjs.org/dashify/-/dashify-2.0.0.tgz",
      "integrity": "sha512-hpA5C/YrPjucXypHPPc0oJ1l9Hf6wWbiOL7Ik42cxnsUOhWiCB/fylKbKqqJalW9FgkNQCw16YO8uW9Hs0Iy1A==",
      "dev": true
    }
  }
}
